
Microsoft Visual Studio Solution File, Format Version 12.00
# Visual Studio Version 16
VisualStudioVersion = 16.0.30114.105
MinimumVisualStudioVersion = 10.0.40219.1
Project("{FAE04EC0-301F-11D3-BF4B-00C04F79EFBC}") = "TheThinker.ClassLibrary", "TheThinker.ClassLibrary\TheThinker.ClassLibrary.csproj", "{9F88D677-6712-42E7-939F-77D53D7590C6}"
EndProject
Project("{FAE04EC0-301F-11D3-BF4B-00C04F79EFBC}") = "TheThinker.DiscordBot.WorkerService", "TheThinker.DiscordBot.WorkerService\TheThinker.DiscordBot.WorkerService.csproj", "{A63D8451-679E-45B7-BF4F-E3AEB468689B}"
EndProject
Project("{FAE04EC0-301F-11D3-BF4B-00C04F79EFBC}") = "TheThinker.ShardManager.WebApi", "TheThinker.ShardManager.WebApi\TheThinker.ShardManager.WebApi.csproj", "{C74F609D-CCBA-4537-A781-87AFC73BBC12}"
EndProject
Global
	GlobalSection(SolutionConfigurationPlatforms) = preSolution
		Debug|Any CPU = Debug|Any CPU
		Release|Any CPU = Release|Any CPU
	EndGlobalSection
	GlobalSection(SolutionProperties) = preSolution
		HideSolutionNode = FALSE
	EndGlobalSection
	GlobalSection(ProjectConfigurationPlatforms) = postSolution
		{9F88D677-6712-42E7-939F-77D53D7590C6}.Debug|Any CPU.ActiveCfg = Debug|Any CPU
		{9F88D677-6712-42E7-939F-77D53D7590C6}.Debug|Any CPU.Build.0 = Debug|Any CPU
		{9F88D677-6712-42E7-939F-77D53D7590C6}.Release|Any CPU.ActiveCfg = Release|Any CPU
		{9F88D677-6712-42E7-939F-77D53D7590C6}.Release|Any CPU.Build.0 = Release|Any CPU
		{A63D8451-679E-45B7-BF4F-E3AEB468689B}.Debug|Any CPU.ActiveCfg = Debug|Any CPU
		{A63D8451-679E-45B7-BF4F-E3AEB468689B}.Debug|Any CPU.Build.0 = Debug|Any CPU
		{A63D8451-679E-45B7-BF4F-E3AEB468689B}.Release|Any CPU.ActiveCfg = Release|Any CPU
		{A63D8451-679E-45B7-BF4F-E3AEB468689B}.Release|Any CPU.Build.0 = Release|Any CPU
		{C74F609D-CCBA-4537-A781-87AFC73BBC12}.Debug|Any CPU.ActiveCfg = Debug|Any CPU
		{C74F609D-CCBA-4537-A781-87AFC73BBC12}.Debug|Any CPU.Build.0 = Debug|Any CPU
		{C74F609D-CCBA-4537-A781-87AFC73BBC12}.Release|Any CPU.ActiveCfg = Release|Any CPU
		{C74F609D-CCBA-4537-A781-87AFC73BBC12}.Release|Any CPU.Build.0 = Release|Any CPU
	EndGlobalSection
EndGlobal
